
Microsoft Visual Studio Solution File, Format Version 12.00
# Visual Studio Version 16
VisualStudioVersion = 16.0.31911.196
MinimumVisualStudioVersion = 10.0.40219.1
Project("{FAE04EC0-301F-11D3-BF4B-00C04F79EFBC}") = "VendingMachineConsoleApp", "VendingMachineConsoleApp.csproj", "{80917F2A-79F6-4E9A-AF85-3CE062BC7B91}"
EndProject
Global
	GlobalSection(SolutionConfigurationPlatforms) = preSolution
		Debug|Any CPU = Debug|Any CPU
		Release|Any CPU = Release|Any CPU
	EndGlobalSection
	GlobalSection(ProjectConfigurationPlatforms) = postSolution
		{80917F2A-79F6-4E9A-AF85-3CE062BC7B91}.Debug|Any CPU.ActiveCfg = Debug|Any CPU
		{80917F2A-79F6-4E9A-AF85-3CE062BC7B91}.Debug|Any CPU.Build.0 = Debug|Any CPU
		{80917F2A-79F6-4E9A-AF85-3CE062BC7B91}.Release|Any CPU.ActiveCfg = Release|Any CPU
		{80917F2A-79F6-4E9A-AF85-3CE062BC7B91}.Release|Any CPU.Build.0 = Release|Any CPU
	EndGlobalSection
	GlobalSection(SolutionProperties) = preSolution
		HideSolutionNode = FALSE
	EndGlobalSection
	GlobalSection(ExtensibilityGlobals) = postSolution
		SolutionGuid = {5DE2C473-400B-430B-AC4A-AD08FE0B33BF}
	EndGlobalSection
EndGlobal
